
Microsoft Visual Studio Solution File, Format Version 12.00
# Visual Studio 15
VisualStudioVersion = 15.0.28307.421
MinimumVisualStudioVersion = 10.0.40219.1
Project("{FAE04EC0-301F-11D3-BF4B-00C04F79EFBC}") = "RenomearArquivos", "RenomearArquivos\RenomearArquivos.csproj", "{4A699167-12E2-4888-B13B-8AF48BC61C82}"
EndProject
Global
	GlobalSection(SolutionConfigurationPlatforms) = preSolution
		Debug|Any CPU = Debug|Any CPU
		Release|Any CPU = Release|Any CPU
	EndGlobalSection
	GlobalSection(ProjectConfigurationPlatforms) = postSolution
		{4A699167-12E2-4888-B13B-8AF48BC61C82}.Debug|Any CPU.ActiveCfg = Debug|Any CPU
		{4A699167-12E2-4888-B13B-8AF48BC61C82}.Debug|Any CPU.Build.0 = Debug|Any CPU
		{4A699167-12E2-4888-B13B-8AF48BC61C82}.Release|Any CPU.ActiveCfg = Release|Any CPU
		{4A699167-12E2-4888-B13B-8AF48BC61C82}.Release|Any CPU.Build.0 = Release|Any CPU
	EndGlobalSection
	GlobalSection(SolutionProperties) = preSolution
		HideSolutionNode = FALSE
	EndGlobalSection
	GlobalSection(ExtensibilityGlobals) = postSolution
		SolutionGuid = {0624E3EB-450C-4AB4-9F4B-46F1655F5465}
	EndGlobalSection
EndGlobal
